
Microsoft Visual Studio Solution File, Format Version 12.00
# Visual Studio Version 17
VisualStudioVersion = 17.0.31903.59
MinimumVisualStudioVersion = 10.0.40219.1
Project("{2150E333-8FDC-42A3-9474-1A3956D46DE8}") = "Libraries", "Libraries", "{809F86A1-1C4C-B159-0CD4-DF9D33D876CE}"
EndProject
Project("{FAE04EC0-301F-11D3-BF4B-00C04F79EFBC}") = "Microsoft.Teams.Api", "Libraries\Microsoft.Teams.Api\Microsoft.Teams.Api.csproj", "{78028C98-0220-4814-9A85-89901B8A1048}"
EndProject
Project("{FAE04EC0-301F-11D3-BF4B-00C04F79EFBC}") = "Microsoft.Teams.Apps", "Libraries\Microsoft.Teams.Apps\Microsoft.Teams.Apps.csproj", "{070EFFBA-F6B9-4A54-837A-2FA113C3B1A5}"
EndProject
Project("{FAE04EC0-301F-11D3-BF4B-00C04F79EFBC}") = "Microsoft.Teams.Common", "Libraries\Microsoft.Teams.Common\Microsoft.Teams.Common.csproj", "{3F857491-5BC5-43DF-9532-1801189BDA80}"
EndProject
Project("{2150E333-8FDC-42A3-9474-1A3956D46DE8}") = "Tests", "Tests", "{0AB3BF05-4346-4AA6-1389-037BE0695223}"
EndProject
Project("{FAE04EC0-301F-11D3-BF4B-00C04F79EFBC}") = "Microsoft.Teams.Api.Tests", "Tests\Microsoft.Teams.Api.Tests\Microsoft.Teams.Api.Tests.csproj", "{87DE10ED-682F-4DD4-A95E-17D5BACAFB07}"
EndProject
Project("{FAE04EC0-301F-11D3-BF4B-00C04F79EFBC}") = "Microsoft.Teams.Common.Tests", "Tests\Microsoft.Teams.Common.Tests\Microsoft.Teams.Common.Tests.csproj", "{9BADB398-949B-4D25-BF97-4A629F0D8EC9}"
EndProject
Project("{2150E333-8FDC-42A3-9474-1A3956D46DE8}") = "Samples", "Samples", "{5D20AA90-6969-D8BD-9DCD-8634F4692FDA}"
EndProject
Project("{FAE04EC0-301F-11D3-BF4B-00C04F79EFBC}") = "Samples.Echo", "Samples\Samples.Echo\Samples.Echo.csproj", "{B7230B40-AE25-435A-87F6-0472826B0C70}"
EndProject
Project("{FAE04EC0-301F-11D3-BF4B-00C04F79EFBC}") = "Microsoft.Teams.Plugins.AspNetCore", "Libraries\Microsoft.Teams.Plugins\Microsoft.Teams.Plugins.AspNetCore\Microsoft.Teams.Plugins.AspNetCore.csproj", "{638D92D5-351E-443C-B9B0-4FC2E8F86702}"
EndProject
Project("{FAE04EC0-301F-11D3-BF4B-00C04F79EFBC}") = "Microsoft.Teams.Cards", "Libraries\Microsoft.Teams.Cards\Microsoft.Teams.Cards.csproj", "{C4D77769-EEC3-429D-B9B3-0C3B6B32FAA5}"
EndProject
Project("{FAE04EC0-301F-11D3-BF4B-00C04F79EFBC}") = "Samples.Graph", "Samples\Samples.Graph\Samples.Graph.csproj", "{596A87F7-4BD9-42A7-9C20-2FD1CF9676CA}"
EndProject
Project("{FAE04EC0-301F-11D3-BF4B-00C04F79EFBC}") = "Microsoft.Teams.AI", "Libraries\Microsoft.Teams.AI\Microsoft.Teams.AI.csproj", "{384D1962-D3F9-4E26-8FCB-4D25B09CB7FC}"
EndProject
Project("{FAE04EC0-301F-11D3-BF4B-00C04F79EFBC}") = "Microsoft.Teams.AI.Models.OpenAI", "Libraries\Microsoft.Teams.AI.Models.OpenAI\Microsoft.Teams.AI.Models.OpenAI.csproj", "{30610777-9335-4A4C-8514-09398E57C6BD}"
EndProject
Project("{FAE04EC0-301F-11D3-BF4B-00C04F79EFBC}") = "Samples.Lights", "Samples\Samples.Lights\Samples.Lights.csproj", "{7D3D8D5D-5F8C-45FD-AA6C-DC4FC810DE42}"
EndProject
Project("{FAE04EC0-301F-11D3-BF4B-00C04F79EFBC}") = "Microsoft.Teams.Plugins.AspNetCore.DevTools", "Libraries\Microsoft.Teams.Plugins\Microsoft.Teams.Plugins.AspNetCore.DevTools\Microsoft.Teams.Plugins.AspNetCore.DevTools.csproj", "{15D7A915-DD11-40BF-811B-C97B2C963785}"
EndProject
Project("{FAE04EC0-301F-11D3-BF4B-00C04F79EFBC}") = "Samples.Mcp", "Samples\Samples.Mcp\Samples.Mcp.csproj", "{8E6AA215-43B1-4519-A554-A6642586E7A6}"
EndProject
Project("{2150E333-8FDC-42A3-9474-1A3956D46DE8}") = "Microsoft.Teams.Plugins", "Microsoft.Teams.Plugins", "{F2D7E877-38D6-8C91-7D90-99648DD298BA}"
EndProject
Project("{2150E333-8FDC-42A3-9474-1A3956D46DE8}") = "Microsoft.Teams.Plugins.External", "Microsoft.Teams.Plugins.External", "{42F19D46-1D9C-DE55-864B-477603E3CF94}"
EndProject
Project("{FAE04EC0-301F-11D3-BF4B-00C04F79EFBC}") = "Microsoft.Teams.Plugins.External.Mcp", "Libraries\Microsoft.Teams.Plugins\Microsoft.Teams.Plugins.External\Microsoft.Teams.Plugins.External.Mcp\Microsoft.Teams.Plugins.External.Mcp.csproj", "{0E24173B-D328-4721-B0C7-D6058E10AB9E}"
EndProject
Project("{2150E333-8FDC-42A3-9474-1A3956D46DE8}") = "Microsoft.Teams.Extensions", "Microsoft.Teams.Extensions", "{E2648928-28DE-6B24-129A-26A0E8B5B70E}"
EndProject
Project("{FAE04EC0-301F-11D3-BF4B-00C04F79EFBC}") = "Microsoft.Teams.Extensions.Logging", "Libraries\Microsoft.Teams.Extensions\Microsoft.Teams.Extensions.Logging\Microsoft.Teams.Extensions.Logging.csproj", "{26E1EE2F-D04D-40C2-80A3-BB0D1D444A6D}"
EndProject
Project("{FAE04EC0-301F-11D3-BF4B-00C04F79EFBC}") = "Microsoft.Teams.Extensions.Hosting", "Libraries\Microsoft.Teams.Extensions\Microsoft.Teams.Extensions.Hosting\Microsoft.Teams.Extensions.Hosting.csproj", "{D0BF4C70-B346-47C5-96C2-AED0039F0976}"
EndProject
Project("{FAE04EC0-301F-11D3-BF4B-00C04F79EFBC}") = "Microsoft.Teams.Extensions.Configuration", "Libraries\Microsoft.Teams.Extensions\Microsoft.Teams.Extensions.Configuration\Microsoft.Teams.Extensions.Configuration.csproj", "{E1AD5351-181A-4EEC-B1F6-BF1643E5A1FA}"
EndProject
Project("{FAE04EC0-301F-11D3-BF4B-00C04F79EFBC}") = "Microsoft.Teams.Apps.Tests", "Tests\Microsoft.Teams.Apps.Tests\Microsoft.Teams.Apps.Tests.csproj", "{9251FA96-F118-4578-92A9-EBD667CE3978}"
EndProject
Project("{FAE04EC0-301F-11D3-BF4B-00C04F79EFBC}") = "Microsoft.Teams.Apps.Testing", "Libraries\Microsoft.Teams.Apps.Testing\Microsoft.Teams.Apps.Testing.csproj", "{6542E318-AF5B-4D63-B5BA-242AA48085B9}"
EndProject
Project("{FAE04EC0-301F-11D3-BF4B-00C04F79EFBC}") = "Microsoft.Teams.Plugins.AspNetCore.BotBuilder", "Libraries\Microsoft.Teams.Plugins\Microsoft.Teams.Plugins.AspNetCore.BotBuilder\Microsoft.Teams.Plugins.AspNetCore.BotBuilder.csproj", "{E7277625-CD7C-42C0-84C1-EE39D8CCF909}"
EndProject
Project("{FAE04EC0-301F-11D3-BF4B-00C04F79EFBC}") = "Samples.BotBuilder", "Samples\Samples.BotBuilder\Samples.BotBuilder.csproj", "{6A21694E-6F76-463E-AF50-C258A0C94BF4}"
EndProject
Project("{FAE04EC0-301F-11D3-BF4B-00C04F79EFBC}") = "Microsoft.Teams.Extensions.Graph", "Libraries\Microsoft.Teams.Extensions\Microsoft.Teams.Extensions.Graph\Microsoft.Teams.Extensions.Graph.csproj", "{DDDCE455-DF26-5A96-3944-23439F0FA243}"
EndProject
Project("{FAE04EC0-301F-11D3-BF4B-00C04F79EFBC}") = "Microsoft.Teams.Extensions.Graph.Tests", "Tests\Microsoft.Teams.Extensions\Microsoft.Teams.Extensions.Graph.Tests\Microsoft.Teams.Extensions.Graph.Tests.csproj", "{7F2AC320-D203-B440-D85B-BB7A1AE3AA94}"
EndProject
Project("{FAE04EC0-301F-11D3-BF4B-00C04F79EFBC}") = "Samples.Tab", "Samples\Samples.Tab\Samples.Tab.csproj", "{1F168FCB-B034-43E3-B27C-C0C2E0D23D89}"
EndProject
Project("{FAE04EC0-301F-11D3-BF4B-00C04F79EFBC}") = "Microsoft.Teams.Plugins.AspNetCore.Tests", "Tests\Microsoft.Teams.Plugins.AspNetCore.Tests\Microsoft.Teams.Plugins.AspNetCore.Tests.csproj", "{D256BF45-8DBE-751B-850F-E4A19BB2D369}"
EndProject
Project("{FAE04EC0-301F-11D3-BF4B-00C04F79EFBC}") = "Samples.Cards", "Samples\Samples.Cards\Samples.Cards.csproj", "{6FD6A058-C762-4B2D-B45A-C2847CED502A}"
EndProject
Project("{FAE04EC0-301F-11D3-BF4B-00C04F79EFBC}") = "Microsoft.Teams.AI.Tests", "Tests\Microsoft.Teams.AI.Tests\Microsoft.Teams.AI.Tests.csproj", "{193AC991-72CD-4A6A-B4AA-2CB9C78F8216}"
EndProject
Project("{FAE04EC0-301F-11D3-BF4B-00C04F79EFBC}") = "Microsoft.Teams.Plugins.External.McpClient", "Libraries\Microsoft.Teams.Plugins\Microsoft.Teams.Plugins.External\Microsoft.Teams.Plugins.External.McpClient\Microsoft.Teams.Plugins.External.McpClient.csproj", "{ED88EA9D-38F3-5A28-2FDD-64995874FF4E}"
EndProject
Project("{FAE04EC0-301F-11D3-BF4B-00C04F79EFBC}") = "Samples.McpClient", "Samples\Samples.McpClient\Samples.McpClient.csproj", "{B28478C2-0A01-424D-9EE4-D298A31AEB26}"
EndProject
Project("{FAE04EC0-301F-11D3-BF4B-00C04F79EFBC}") = "Samples.Dialogs", "Samples\Samples.Dialogs\Samples.Dialogs.csproj", "{D406AE11-285C-4AC8-862B-C755386D15F6}"
EndProject
Project("{FAE04EC0-301F-11D3-BF4B-00C04F79EFBC}") = "Samples.MessageExtensions", "Samples\Samples.MessageExtensions\Samples.MessageExtensions.csproj", "{C4DDD35D-CCDC-4EBB-94F6-F2E4E4406AA8}"
EndProject
Project("{FAE04EC0-301F-11D3-BF4B-00C04F79EFBC}") = "Microsoft.Teams.Plugins.External.McpClient.Tests", "Tests\Microsoft.Teams.Plugins.External.McpClient.Tests\Microsoft.Teams.Plugins.External.McpClient.Tests.csproj", "{783599E3-9841-4377-9590-4A5D9EC0023D}"
EndProject
Project("{FAE04EC0-301F-11D3-BF4B-00C04F79EFBC}") = "Samples.AI", "Samples\Samples.AI\Samples.AI.csproj", "{BCD1AE81-8D5D-461F-AB63-7C0E5882F89B}"
EndProject
Project("{FAE04EC0-301F-11D3-BF4B-00C04F79EFBC}") = "Samples.Meetings", "Samples\Samples.Meetings\Samples.Meetings.csproj", "{FCEEF7AD-1E78-4615-8BE4-7B46B034A514}"
EndProject
Global
	GlobalSection(SolutionConfigurationPlatforms) = preSolution
		Debug|Any CPU = Debug|Any CPU
		Debug|x64 = Debug|x64
		Debug|x86 = Debug|x86
		Release|Any CPU = Release|Any CPU
		Release|x64 = Release|x64
		Release|x86 = Release|x86
	EndGlobalSection
	GlobalSection(ProjectConfigurationPlatforms) = postSolution
		{78028C98-0220-4814-9A85-89901B8A1048}.Debug|Any CPU.ActiveCfg = Debug|Any CPU
		{78028C98-0220-4814-9A85-89901B8A1048}.Debug|Any CPU.Build.0 = Debug|Any CPU
		{78028C98-0220-4814-9A85-89901B8A1048}.Debug|x64.ActiveCfg = Debug|Any CPU
		{78028C98-0220-4814-9A85-89901B8A1048}.Debug|x64.Build.0 = Debug|Any CPU
		{78028C98-0220-4814-9A85-89901B8A1048}.Debug|x86.ActiveCfg = Debug|Any CPU
		{78028C98-0220-4814-9A85-89901B8A1048}.Debug|x86.Build.0 = Debug|Any CPU
		{78028C98-0220-4814-9A85-89901B8A1048}.Release|Any CPU.ActiveCfg = Release|Any CPU
		{78028C98-0220-4814-9A85-89901B8A1048}.Release|Any CPU.Build.0 = Release|Any CPU
		{78028C98-0220-4814-9A85-89901B8A1048}.Release|x64.ActiveCfg = Release|Any CPU
		{78028C98-0220-4814-9A85-89901B8A1048}.Release|x64.Build.0 = Release|Any CPU
		{78028C98-0220-4814-9A85-89901B8A1048}.Release|x86.ActiveCfg = Release|Any CPU
		{78028C98-0220-4814-9A85-89901B8A1048}.Release|x86.Build.0 = Release|Any CPU
		{070EFFBA-F6B9-4A54-837A-2FA113C3B1A5}.Debug|Any CPU.ActiveCfg = Debug|Any CPU
		{070EFFBA-F6B9-4A54-837A-2FA113C3B1A5}.Debug|Any CPU.Build.0 = Debug|Any CPU
		{070EFFBA-F6B9-4A54-837A-2FA113C3B1A5}.Debug|x64.ActiveCfg = Debug|Any CPU
		{070EFFBA-F6B9-4A54-837A-2FA113C3B1A5}.Debug|x64.Build.0 = Debug|Any CPU
		{070EFFBA-F6B9-4A54-837A-2FA113C3B1A5}.Debug|x86.ActiveCfg = Debug|Any CPU
		{070EFFBA-F6B9-4A54-837A-2FA113C3B1A5}.Debug|x86.Build.0 = Debug|Any CPU
		{070EFFBA-F6B9-4A54-837A-2FA113C3B1A5}.Release|Any CPU.ActiveCfg = Release|Any CPU
		{070EFFBA-F6B9-4A54-837A-2FA113C3B1A5}.Release|Any CPU.Build.0 = Release|Any CPU
		{070EFFBA-F6B9-4A54-837A-2FA113C3B1A5}.Release|x64.ActiveCfg = Release|Any CPU
		{070EFFBA-F6B9-4A54-837A-2FA113C3B1A5}.Release|x64.Build.0 = Release|Any CPU
		{070EFFBA-F6B9-4A54-837A-2FA113C3B1A5}.Release|x86.ActiveCfg = Release|Any CPU
		{070EFFBA-F6B9-4A54-837A-2FA113C3B1A5}.Release|x86.Build.0 = Release|Any CPU
		{3F857491-5BC5-43DF-9532-1801189BDA80}.Debug|Any CPU.ActiveCfg = Debug|Any CPU
		{3F857491-5BC5-43DF-9532-1801189BDA80}.Debug|Any CPU.Build.0 = Debug|Any CPU
		{3F857491-5BC5-43DF-9532-1801189BDA80}.Debug|x64.ActiveCfg = Debug|Any CPU
		{3F857491-5BC5-43DF-9532-1801189BDA80}.Debug|x64.Build.0 = Debug|Any CPU
		{3F857491-5BC5-43DF-9532-1801189BDA80}.Debug|x86.ActiveCfg = Debug|Any CPU
		{3F857491-5BC5-43DF-9532-1801189BDA80}.Debug|x86.Build.0 = Debug|Any CPU
		{3F857491-5BC5-43DF-9532-1801189BDA80}.Release|Any CPU.ActiveCfg = Release|Any CPU
		{3F857491-5BC5-43DF-9532-1801189BDA80}.Release|Any CPU.Build.0 = Release|Any CPU
		{3F857491-5BC5-43DF-9532-1801189BDA80}.Release|x64.ActiveCfg = Release|Any CPU
		{3F857491-5BC5-43DF-9532-1801189BDA80}.Release|x64.Build.0 = Release|Any CPU
		{3F857491-5BC5-43DF-9532-1801189BDA80}.Release|x86.ActiveCfg = Release|Any CPU
		{3F857491-5BC5-43DF-9532-1801189BDA80}.Release|x86.Build.0 = Release|Any CPU
		{87DE10ED-682F-4DD4-A95E-17D5BACAFB07}.Debug|Any CPU.ActiveCfg = Debug|Any CPU
		{87DE10ED-682F-4DD4-A95E-17D5BACAFB07}.Debug|Any CPU.Build.0 = Debug|Any CPU
		{87DE10ED-682F-4DD4-A95E-17D5BACAFB07}.Debug|x64.ActiveCfg = Debug|Any CPU
		{87DE10ED-682F-4DD4-A95E-17D5BACAFB07}.Debug|x64.Build.0 = Debug|Any CPU
		{87DE10ED-682F-4DD4-A95E-17D5BACAFB07}.Debug|x86.ActiveCfg = Debug|Any CPU
		{87DE10ED-682F-4DD4-A95E-17D5BACAFB07}.Debug|x86.Build.0 = Debug|Any CPU
		{87DE10ED-682F-4DD4-A95E-17D5BACAFB07}.Release|Any CPU.ActiveCfg = Release|Any CPU
		{87DE10ED-682F-4DD4-A95E-17D5BACAFB07}.Release|Any CPU.Build.0 = Release|Any CPU
		{87DE10ED-682F-4DD4-A95E-17D5BACAFB07}.Release|x64.ActiveCfg = Release|Any CPU
		{87DE10ED-682F-4DD4-A95E-17D5BACAFB07}.Release|x64.Build.0 = Release|Any CPU
		{87DE10ED-682F-4DD4-A95E-17D5BACAFB07}.Release|x86.ActiveCfg = Release|Any CPU
		{87DE10ED-682F-4DD4-A95E-17D5BACAFB07}.Release|x86.Build.0 = Release|Any CPU
		{9BADB398-949B-4D25-BF97-4A629F0D8EC9}.Debug|Any CPU.ActiveCfg = Debug|Any CPU
		{9BADB398-949B-4D25-BF97-4A629F0D8EC9}.Debug|Any CPU.Build.0 = Debug|Any CPU
		{9BADB398-949B-4D25-BF97-4A629F0D8EC9}.Debug|x64.ActiveCfg = Debug|Any CPU
		{9BADB398-949B-4D25-BF97-4A629F0D8EC9}.Debug|x64.Build.0 = Debug|Any CPU
		{9BADB398-949B-4D25-BF97-4A629F0D8EC9}.Debug|x86.ActiveCfg = Debug|Any CPU
		{9BADB398-949B-4D25-BF97-4A629F0D8EC9}.Debug|x86.Build.0 = Debug|Any CPU
		{9BADB398-949B-4D25-BF97-4A629F0D8EC9}.Release|Any CPU.ActiveCfg = Release|Any CPU
		{9BADB398-949B-4D25-BF97-4A629F0D8EC9}.Release|Any CPU.Build.0 = Release|Any CPU
		{9BADB398-949B-4D25-BF97-4A629F0D8EC9}.Release|x64.ActiveCfg = Release|Any CPU
		{9BADB398-949B-4D25-BF97-4A629F0D8EC9}.Release|x64.Build.0 = Release|Any CPU
		{9BADB398-949B-4D25-BF97-4A629F0D8EC9}.Release|x86.ActiveCfg = Release|Any CPU
		{9BADB398-949B-4D25-BF97-4A629F0D8EC9}.Release|x86.Build.0 = Release|Any CPU
		{B7230B40-AE25-435A-87F6-0472826B0C70}.Debug|Any CPU.ActiveCfg = Debug|Any CPU
		{B7230B40-AE25-435A-87F6-0472826B0C70}.Debug|Any CPU.Build.0 = Debug|Any CPU
		{B7230B40-AE25-435A-87F6-0472826B0C70}.Debug|x64.ActiveCfg = Debug|Any CPU
		{B7230B40-AE25-435A-87F6-0472826B0C70}.Debug|x64.Build.0 = Debug|Any CPU
		{B7230B40-AE25-435A-87F6-0472826B0C70}.Debug|x86.ActiveCfg = Debug|Any CPU
		{B7230B40-AE25-435A-87F6-0472826B0C70}.Debug|x86.Build.0 = Debug|Any CPU
		{B7230B40-AE25-435A-87F6-0472826B0C70}.Release|Any CPU.ActiveCfg = Release|Any CPU
		{B7230B40-AE25-435A-87F6-0472826B0C70}.Release|Any CPU.Build.0 = Release|Any CPU
		{B7230B40-AE25-435A-87F6-0472826B0C70}.Release|x64.ActiveCfg = Release|Any CPU
		{B7230B40-AE25-435A-87F6-0472826B0C70}.Release|x64.Build.0 = Release|Any CPU
		{B7230B40-AE25-435A-87F6-0472826B0C70}.Release|x86.ActiveCfg = Release|Any CPU
		{B7230B40-AE25-435A-87F6-0472826B0C70}.Release|x86.Build.0 = Release|Any CPU
		{638D92D5-351E-443C-B9B0-4FC2E8F86702}.Debug|Any CPU.ActiveCfg = Debug|Any CPU
		{638D92D5-351E-443C-B9B0-4FC2E8F86702}.Debug|Any CPU.Build.0 = Debug|Any CPU
		{638D92D5-351E-443C-B9B0-4FC2E8F86702}.Debug|x64.ActiveCfg = Debug|Any CPU
		{638D92D5-351E-443C-B9B0-4FC2E8F86702}.Debug|x64.Build.0 = Debug|Any CPU
		{638D92D5-351E-443C-B9B0-4FC2E8F86702}.Debug|x86.ActiveCfg = Debug|Any CPU
		{638D92D5-351E-443C-B9B0-4FC2E8F86702}.Debug|x86.Build.0 = Debug|Any CPU
		{638D92D5-351E-443C-B9B0-4FC2E8F86702}.Release|Any CPU.ActiveCfg = Release|Any CPU
		{638D92D5-351E-443C-B9B0-4FC2E8F86702}.Release|Any CPU.Build.0 = Release|Any CPU
		{638D92D5-351E-443C-B9B0-4FC2E8F86702}.Release|x64.ActiveCfg = Release|Any CPU
		{638D92D5-351E-443C-B9B0-4FC2E8F86702}.Release|x64.Build.0 = Release|Any CPU
		{638D92D5-351E-443C-B9B0-4FC2E8F86702}.Release|x86.ActiveCfg = Release|Any CPU
		{638D92D5-351E-443C-B9B0-4FC2E8F86702}.Release|x86.Build.0 = Release|Any CPU
		{C4D77769-EEC3-429D-B9B3-0C3B6B32FAA5}.Debug|Any CPU.ActiveCfg = Debug|Any CPU
		{C4D77769-EEC3-429D-B9B3-0C3B6B32FAA5}.Debug|Any CPU.Build.0 = Debug|Any CPU
		{C4D77769-EEC3-429D-B9B3-0C3B6B32FAA5}.Debug|x64.ActiveCfg = Debug|Any CPU
		{C4D77769-EEC3-429D-B9B3-0C3B6B32FAA5}.Debug|x64.Build.0 = Debug|Any CPU
		{C4D77769-EEC3-429D-B9B3-0C3B6B32FAA5}.Debug|x86.ActiveCfg = Debug|Any CPU
		{C4D77769-EEC3-429D-B9B3-0C3B6B32FAA5}.Debug|x86.Build.0 = Debug|Any CPU
		{C4D77769-EEC3-429D-B9B3-0C3B6B32FAA5}.Release|Any CPU.ActiveCfg = Release|Any CPU
		{C4D77769-EEC3-429D-B9B3-0C3B6B32FAA5}.Release|Any CPU.Build.0 = Release|Any CPU
		{C4D77769-EEC3-429D-B9B3-0C3B6B32FAA5}.Release|x64.ActiveCfg = Release|Any CPU
		{C4D77769-EEC3-429D-B9B3-0C3B6B32FAA5}.Release|x64.Build.0 = Release|Any CPU
		{C4D77769-EEC3-429D-B9B3-0C3B6B32FAA5}.Release|x86.ActiveCfg = Release|Any CPU
		{C4D77769-EEC3-429D-B9B3-0C3B6B32FAA5}.Release|x86.Build.0 = Release|Any CPU
		{596A87F7-4BD9-42A7-9C20-2FD1CF9676CA}.Debug|Any CPU.ActiveCfg = Debug|Any CPU
		{596A87F7-4BD9-42A7-9C20-2FD1CF9676CA}.Debug|Any CPU.Build.0 = Debug|Any CPU
		{596A87F7-4BD9-42A7-9C20-2FD1CF9676CA}.Debug|x64.ActiveCfg = Debug|Any CPU
		{596A87F7-4BD9-42A7-9C20-2FD1CF9676CA}.Debug|x64.Build.0 = Debug|Any CPU
		{596A87F7-4BD9-42A7-9C20-2FD1CF9676CA}.Debug|x86.ActiveCfg = Debug|Any CPU
		{596A87F7-4BD9-42A7-9C20-2FD1CF9676CA}.Debug|x86.Build.0 = Debug|Any CPU
		{596A87F7-4BD9-42A7-9C20-2FD1CF9676CA}.Release|Any CPU.ActiveCfg = Release|Any CPU
		{596A87F7-4BD9-42A7-9C20-2FD1CF9676CA}.Release|Any CPU.Build.0 = Release|Any CPU
		{596A87F7-4BD9-42A7-9C20-2FD1CF9676CA}.Release|x64.ActiveCfg = Release|Any CPU
		{596A87F7-4BD9-42A7-9C20-2FD1CF9676CA}.Release|x64.Build.0 = Release|Any CPU
		{596A87F7-4BD9-42A7-9C20-2FD1CF9676CA}.Release|x86.ActiveCfg = Release|Any CPU
		{596A87F7-4BD9-42A7-9C20-2FD1CF9676CA}.Release|x86.Build.0 = Release|Any CPU
		{384D1962-D3F9-4E26-8FCB-4D25B09CB7FC}.Debug|Any CPU.ActiveCfg = Debug|Any CPU
		{384D1962-D3F9-4E26-8FCB-4D25B09CB7FC}.Debug|Any CPU.Build.0 = Debug|Any CPU
		{384D1962-D3F9-4E26-8FCB-4D25B09CB7FC}.Debug|x64.ActiveCfg = Debug|Any CPU
		{384D1962-D3F9-4E26-8FCB-4D25B09CB7FC}.Debug|x64.Build.0 = Debug|Any CPU
		{384D1962-D3F9-4E26-8FCB-4D25B09CB7FC}.Debug|x86.ActiveCfg = Debug|Any CPU
		{384D1962-D3F9-4E26-8FCB-4D25B09CB7FC}.Debug|x86.Build.0 = Debug|Any CPU
		{384D1962-D3F9-4E26-8FCB-4D25B09CB7FC}.Release|Any CPU.ActiveCfg = Release|Any CPU
		{384D1962-D3F9-4E26-8FCB-4D25B09CB7FC}.Release|Any CPU.Build.0 = Release|Any CPU
		{384D1962-D3F9-4E26-8FCB-4D25B09CB7FC}.Release|x64.ActiveCfg = Release|Any CPU
		{384D1962-D3F9-4E26-8FCB-4D25B09CB7FC}.Release|x64.Build.0 = Release|Any CPU
		{384D1962-D3F9-4E26-8FCB-4D25B09CB7FC}.Release|x86.ActiveCfg = Release|Any CPU
		{384D1962-D3F9-4E26-8FCB-4D25B09CB7FC}.Release|x86.Build.0 = Release|Any CPU
		{30610777-9335-4A4C-8514-09398E57C6BD}.Debug|Any CPU.ActiveCfg = Debug|Any CPU
		{30610777-9335-4A4C-8514-09398E57C6BD}.Debug|Any CPU.Build.0 = Debug|Any CPU
		{30610777-9335-4A4C-8514-09398E57C6BD}.Debug|x64.ActiveCfg = Debug|Any CPU
		{30610777-9335-4A4C-8514-09398E57C6BD}.Debug|x64.Build.0 = Debug|Any CPU
		{30610777-9335-4A4C-8514-09398E57C6BD}.Debug|x86.ActiveCfg = Debug|Any CPU
		{30610777-9335-4A4C-8514-09398E57C6BD}.Debug|x86.Build.0 = Debug|Any CPU
		{30610777-9335-4A4C-8514-09398E57C6BD}.Release|Any CPU.ActiveCfg = Release|Any CPU
		{30610777-9335-4A4C-8514-09398E57C6BD}.Release|Any CPU.Build.0 = Release|Any CPU
		{30610777-9335-4A4C-8514-09398E57C6BD}.Release|x64.ActiveCfg = Release|Any CPU
		{30610777-9335-4A4C-8514-09398E57C6BD}.Release|x64.Build.0 = Release|Any CPU
		{30610777-9335-4A4C-8514-09398E57C6BD}.Release|x86.ActiveCfg = Release|Any CPU
		{30610777-9335-4A4C-8514-09398E57C6BD}.Release|x86.Build.0 = Release|Any CPU
		{7D3D8D5D-5F8C-45FD-AA6C-DC4FC810DE42}.Debug|Any CPU.ActiveCfg = Debug|Any CPU
		{7D3D8D5D-5F8C-45FD-AA6C-DC4FC810DE42}.Debug|Any CPU.Build.0 = Debug|Any CPU
		{7D3D8D5D-5F8C-45FD-AA6C-DC4FC810DE42}.Debug|x64.ActiveCfg = Debug|Any CPU
		{7D3D8D5D-5F8C-45FD-AA6C-DC4FC810DE42}.Debug|x64.Build.0 = Debug|Any CPU
		{7D3D8D5D-5F8C-45FD-AA6C-DC4FC810DE42}.Debug|x86.ActiveCfg = Debug|Any CPU
		{7D3D8D5D-5F8C-45FD-AA6C-DC4FC810DE42}.Debug|x86.Build.0 = Debug|Any CPU
		{7D3D8D5D-5F8C-45FD-AA6C-DC4FC810DE42}.Release|Any CPU.ActiveCfg = Release|Any CPU
		{7D3D8D5D-5F8C-45FD-AA6C-DC4FC810DE42}.Release|Any CPU.Build.0 = Release|Any CPU
		{7D3D8D5D-5F8C-45FD-AA6C-DC4FC810DE42}.Release|x64.ActiveCfg = Release|Any CPU
		{7D3D8D5D-5F8C-45FD-AA6C-DC4FC810DE42}.Release|x64.Build.0 = Release|Any CPU
		{7D3D8D5D-5F8C-45FD-AA6C-DC4FC810DE42}.Release|x86.ActiveCfg = Release|Any CPU
		{7D3D8D5D-5F8C-45FD-AA6C-DC4FC810DE42}.Release|x86.Build.0 = Release|Any CPU
		{15D7A915-DD11-40BF-811B-C97B2C963785}.Debug|Any CPU.ActiveCfg = Debug|Any CPU
		{15D7A915-DD11-40BF-811B-C97B2C963785}.Debug|Any CPU.Build.0 = Debug|Any CPU
		{15D7A915-DD11-40BF-811B-C97B2C963785}.Debug|x64.ActiveCfg = Debug|Any CPU
		{15D7A915-DD11-40BF-811B-C97B2C963785}.Debug|x64.Build.0 = Debug|Any CPU
		{15D7A915-DD11-40BF-811B-C97B2C963785}.Debug|x86.ActiveCfg = Debug|Any CPU
		{15D7A915-DD11-40BF-811B-C97B2C963785}.Debug|x86.Build.0 = Debug|Any CPU
		{15D7A915-DD11-40BF-811B-C97B2C963785}.Release|Any CPU.ActiveCfg = Release|Any CPU
		{15D7A915-DD11-40BF-811B-C97B2C963785}.Release|Any CPU.Build.0 = Release|Any CPU
		{15D7A915-DD11-40BF-811B-C97B2C963785}.Release|x64.ActiveCfg = Release|Any CPU
		{15D7A915-DD11-40BF-811B-C97B2C963785}.Release|x64.Build.0 = Release|Any CPU
		{15D7A915-DD11-40BF-811B-C97B2C963785}.Release|x86.ActiveCfg = Release|Any CPU
		{15D7A915-DD11-40BF-811B-C97B2C963785}.Release|x86.Build.0 = Release|Any CPU
		{8E6AA215-43B1-4519-A554-A6642586E7A6}.Debug|Any CPU.ActiveCfg = Debug|Any CPU
		{8E6AA215-43B1-4519-A554-A6642586E7A6}.Debug|Any CPU.Build.0 = Debug|Any CPU
		{8E6AA215-43B1-4519-A554-A6642586E7A6}.Debug|x64.ActiveCfg = Debug|Any CPU
		{8E6AA215-43B1-4519-A554-A6642586E7A6}.Debug|x64.Build.0 = Debug|Any CPU
		{8E6AA215-43B1-4519-A554-A6642586E7A6}.Debug|x86.ActiveCfg = Debug|Any CPU
		{8E6AA215-43B1-4519-A554-A6642586E7A6}.Debug|x86.Build.0 = Debug|Any CPU
		{8E6AA215-43B1-4519-A554-A6642586E7A6}.Release|Any CPU.ActiveCfg = Release|Any CPU
		{8E6AA215-43B1-4519-A554-A6642586E7A6}.Release|Any CPU.Build.0 = Release|Any CPU
		{8E6AA215-43B1-4519-A554-A6642586E7A6}.Release|x64.ActiveCfg = Release|Any CPU
		{8E6AA215-43B1-4519-A554-A6642586E7A6}.Release|x64.Build.0 = Release|Any CPU
		{8E6AA215-43B1-4519-A554-A6642586E7A6}.Release|x86.ActiveCfg = Release|Any CPU
		{8E6AA215-43B1-4519-A554-A6642586E7A6}.Release|x86.Build.0 = Release|Any CPU
		{0E24173B-D328-4721-B0C7-D6058E10AB9E}.Debug|Any CPU.ActiveCfg = Debug|Any CPU
		{0E24173B-D328-4721-B0C7-D6058E10AB9E}.Debug|Any CPU.Build.0 = Debug|Any CPU
		{0E24173B-D328-4721-B0C7-D6058E10AB9E}.Debug|x64.ActiveCfg = Debug|Any CPU
		{0E24173B-D328-4721-B0C7-D6058E10AB9E}.Debug|x64.Build.0 = Debug|Any CPU
		{0E24173B-D328-4721-B0C7-D6058E10AB9E}.Debug|x86.ActiveCfg = Debug|Any CPU
		{0E24173B-D328-4721-B0C7-D6058E10AB9E}.Debug|x86.Build.0 = Debug|Any CPU
		{0E24173B-D328-4721-B0C7-D6058E10AB9E}.Release|Any CPU.ActiveCfg = Release|Any CPU
		{0E24173B-D328-4721-B0C7-D6058E10AB9E}.Release|Any CPU.Build.0 = Release|Any CPU
		{0E24173B-D328-4721-B0C7-D6058E10AB9E}.Release|x64.ActiveCfg = Release|Any CPU
		{0E24173B-D328-4721-B0C7-D6058E10AB9E}.Release|x64.Build.0 = Release|Any CPU
		{0E24173B-D328-4721-B0C7-D6058E10AB9E}.Release|x86.ActiveCfg = Release|Any CPU
		{0E24173B-D328-4721-B0C7-D6058E10AB9E}.Release|x86.Build.0 = Release|Any CPU
		{26E1EE2F-D04D-40C2-80A3-BB0D1D444A6D}.Debug|Any CPU.ActiveCfg = Debug|Any CPU
		{26E1EE2F-D04D-40C2-80A3-BB0D1D444A6D}.Debug|Any CPU.Build.0 = Debug|Any CPU
		{26E1EE2F-D04D-40C2-80A3-BB0D1D444A6D}.Debug|x64.ActiveCfg = Debug|Any CPU
		{26E1EE2F-D04D-40C2-80A3-BB0D1D444A6D}.Debug|x64.Build.0 = Debug|Any CPU
		{26E1EE2F-D04D-40C2-80A3-BB0D1D444A6D}.Debug|x86.ActiveCfg = Debug|Any CPU
		{26E1EE2F-D04D-40C2-80A3-BB0D1D444A6D}.Debug|x86.Build.0 = Debug|Any CPU
		{26E1EE2F-D04D-40C2-80A3-BB0D1D444A6D}.Release|Any CPU.ActiveCfg = Release|Any CPU
		{26E1EE2F-D04D-40C2-80A3-BB0D1D444A6D}.Release|Any CPU.Build.0 = Release|Any CPU
		{26E1EE2F-D04D-40C2-80A3-BB0D1D444A6D}.Release|x64.ActiveCfg = Release|Any CPU
		{26E1EE2F-D04D-40C2-80A3-BB0D1D444A6D}.Release|x64.Build.0 = Release|Any CPU
		{26E1EE2F-D04D-40C2-80A3-BB0D1D444A6D}.Release|x86.ActiveCfg = Release|Any CPU
		{26E1EE2F-D04D-40C2-80A3-BB0D1D444A6D}.Release|x86.Build.0 = Release|Any CPU
		{D0BF4C70-B346-47C5-96C2-AED0039F0976}.Debug|Any CPU.ActiveCfg = Debug|Any CPU
		{D0BF4C70-B346-47C5-96C2-AED0039F0976}.Debug|Any CPU.Build.0 = Debug|Any CPU
		{D0BF4C70-B346-47C5-96C2-AED0039F0976}.Debug|x64.ActiveCfg = Debug|Any CPU
		{D0BF4C70-B346-47C5-96C2-AED0039F0976}.Debug|x64.Build.0 = Debug|Any CPU
		{D0BF4C70-B346-47C5-96C2-AED0039F0976}.Debug|x86.ActiveCfg = Debug|Any CPU
		{D0BF4C70-B346-47C5-96C2-AED0039F0976}.Debug|x86.Build.0 = Debug|Any CPU
		{D0BF4C70-B346-47C5-96C2-AED0039F0976}.Release|Any CPU.ActiveCfg = Release|Any CPU
		{D0BF4C70-B346-47C5-96C2-AED0039F0976}.Release|Any CPU.Build.0 = Release|Any CPU
		{D0BF4C70-B346-47C5-96C2-AED0039F0976}.Release|x64.ActiveCfg = Release|Any CPU
		{D0BF4C70-B346-47C5-96C2-AED0039F0976}.Release|x64.Build.0 = Release|Any CPU
		{D0BF4C70-B346-47C5-96C2-AED0039F0976}.Release|x86.ActiveCfg = Release|Any CPU
		{D0BF4C70-B346-47C5-96C2-AED0039F0976}.Release|x86.Build.0 = Release|Any CPU
		{E1AD5351-181A-4EEC-B1F6-BF1643E5A1FA}.Debug|Any CPU.ActiveCfg = Debug|Any CPU
		{E1AD5351-181A-4EEC-B1F6-BF1643E5A1FA}.Debug|Any CPU.Build.0 = Debug|Any CPU
		{E1AD5351-181A-4EEC-B1F6-BF1643E5A1FA}.Debug|x64.ActiveCfg = Debug|Any CPU
		{E1AD5351-181A-4EEC-B1F6-BF1643E5A1FA}.Debug|x64.Build.0 = Debug|Any CPU
		{E1AD5351-181A-4EEC-B1F6-BF1643E5A1FA}.Debug|x86.ActiveCfg = Debug|Any CPU
		{E1AD5351-181A-4EEC-B1F6-BF1643E5A1FA}.Debug|x86.Build.0 = Debug|Any CPU
		{E1AD5351-181A-4EEC-B1F6-BF1643E5A1FA}.Release|Any CPU.ActiveCfg = Release|Any CPU
		{E1AD5351-181A-4EEC-B1F6-BF1643E5A1FA}.Release|Any CPU.Build.0 = Release|Any CPU
		{E1AD5351-181A-4EEC-B1F6-BF1643E5A1FA}.Release|x64.ActiveCfg = Release|Any CPU
		{E1AD5351-181A-4EEC-B1F6-BF1643E5A1FA}.Release|x64.Build.0 = Release|Any CPU
		{E1AD5351-181A-4EEC-B1F6-BF1643E5A1FA}.Release|x86.ActiveCfg = Release|Any CPU
		{E1AD5351-181A-4EEC-B1F6-BF1643E5A1FA}.Release|x86.Build.0 = Release|Any CPU
		{9251FA96-F118-4578-92A9-EBD667CE3978}.Debug|Any CPU.ActiveCfg = Debug|Any CPU
		{9251FA96-F118-4578-92A9-EBD667CE3978}.Debug|Any CPU.Build.0 = Debug|Any CPU
		{9251FA96-F118-4578-92A9-EBD667CE3978}.Debug|x64.ActiveCfg = Debug|Any CPU
		{9251FA96-F118-4578-92A9-EBD667CE3978}.Debug|x64.Build.0 = Debug|Any CPU
		{9251FA96-F118-4578-92A9-EBD667CE3978}.Debug|x86.ActiveCfg = Debug|Any CPU
		{9251FA96-F118-4578-92A9-EBD667CE3978}.Debug|x86.Build.0 = Debug|Any CPU
		{9251FA96-F118-4578-92A9-EBD667CE3978}.Release|Any CPU.ActiveCfg = Release|Any CPU
		{9251FA96-F118-4578-92A9-EBD667CE3978}.Release|Any CPU.Build.0 = Release|Any CPU
		{9251FA96-F118-4578-92A9-EBD667CE3978}.Release|x64.ActiveCfg = Release|Any CPU
		{9251FA96-F118-4578-92A9-EBD667CE3978}.Release|x64.Build.0 = Release|Any CPU
		{9251FA96-F118-4578-92A9-EBD667CE3978}.Release|x86.ActiveCfg = Release|Any CPU
		{9251FA96-F118-4578-92A9-EBD667CE3978}.Release|x86.Build.0 = Release|Any CPU
		{6542E318-AF5B-4D63-B5BA-242AA48085B9}.Debug|Any CPU.ActiveCfg = Debug|Any CPU
		{6542E318-AF5B-4D63-B5BA-242AA48085B9}.Debug|Any CPU.Build.0 = Debug|Any CPU
		{6542E318-AF5B-4D63-B5BA-242AA48085B9}.Debug|x64.ActiveCfg = Debug|Any CPU
		{6542E318-AF5B-4D63-B5BA-242AA48085B9}.Debug|x64.Build.0 = Debug|Any CPU
		{6542E318-AF5B-4D63-B5BA-242AA48085B9}.Debug|x86.ActiveCfg = Debug|Any CPU
		{6542E318-AF5B-4D63-B5BA-242AA48085B9}.Debug|x86.Build.0 = Debug|Any CPU
		{6542E318-AF5B-4D63-B5BA-242AA48085B9}.Release|Any CPU.ActiveCfg = Release|Any CPU
		{6542E318-AF5B-4D63-B5BA-242AA48085B9}.Release|Any CPU.Build.0 = Release|Any CPU
		{6542E318-AF5B-4D63-B5BA-242AA48085B9}.Release|x64.ActiveCfg = Release|Any CPU
		{6542E318-AF5B-4D63-B5BA-242AA48085B9}.Release|x64.Build.0 = Release|Any CPU
		{6542E318-AF5B-4D63-B5BA-242AA48085B9}.Release|x86.ActiveCfg = Release|Any CPU
		{6542E318-AF5B-4D63-B5BA-242AA48085B9}.Release|x86.Build.0 = Release|Any CPU
		{E7277625-CD7C-42C0-84C1-EE39D8CCF909}.Debug|Any CPU.ActiveCfg = Debug|Any CPU
		{E7277625-CD7C-42C0-84C1-EE39D8CCF909}.Debug|Any CPU.Build.0 = Debug|Any CPU
		{E7277625-CD7C-42C0-84C1-EE39D8CCF909}.Debug|x64.ActiveCfg = Debug|Any CPU
		{E7277625-CD7C-42C0-84C1-EE39D8CCF909}.Debug|x64.Build.0 = Debug|Any CPU
		{E7277625-CD7C-42C0-84C1-EE39D8CCF909}.Debug|x86.ActiveCfg = Debug|Any CPU
		{E7277625-CD7C-42C0-84C1-EE39D8CCF909}.Debug|x86.Build.0 = Debug|Any CPU
		{E7277625-CD7C-42C0-84C1-EE39D8CCF909}.Release|Any CPU.ActiveCfg = Release|Any CPU
		{E7277625-CD7C-42C0-84C1-EE39D8CCF909}.Release|Any CPU.Build.0 = Release|Any CPU
		{E7277625-CD7C-42C0-84C1-EE39D8CCF909}.Release|x64.ActiveCfg = Release|Any CPU
		{E7277625-CD7C-42C0-84C1-EE39D8CCF909}.Release|x64.Build.0 = Release|Any CPU
		{E7277625-CD7C-42C0-84C1-EE39D8CCF909}.Release|x86.ActiveCfg = Release|Any CPU
		{E7277625-CD7C-42C0-84C1-EE39D8CCF909}.Release|x86.Build.0 = Release|Any CPU
		{6A21694E-6F76-463E-AF50-C258A0C94BF4}.Debug|Any CPU.ActiveCfg = Debug|Any CPU
		{6A21694E-6F76-463E-AF50-C258A0C94BF4}.Debug|Any CPU.Build.0 = Debug|Any CPU
		{6A21694E-6F76-463E-AF50-C258A0C94BF4}.Debug|x64.ActiveCfg = Debug|Any CPU
		{6A21694E-6F76-463E-AF50-C258A0C94BF4}.Debug|x64.Build.0 = Debug|Any CPU
		{6A21694E-6F76-463E-AF50-C258A0C94BF4}.Debug|x86.ActiveCfg = Debug|Any CPU
		{6A21694E-6F76-463E-AF50-C258A0C94BF4}.Debug|x86.Build.0 = Debug|Any CPU
		{6A21694E-6F76-463E-AF50-C258A0C94BF4}.Release|Any CPU.ActiveCfg = Release|Any CPU
		{6A21694E-6F76-463E-AF50-C258A0C94BF4}.Release|Any CPU.Build.0 = Release|Any CPU
		{6A21694E-6F76-463E-AF50-C258A0C94BF4}.Release|x64.ActiveCfg = Release|Any CPU
		{6A21694E-6F76-463E-AF50-C258A0C94BF4}.Release|x64.Build.0 = Release|Any CPU
		{6A21694E-6F76-463E-AF50-C258A0C94BF4}.Release|x86.ActiveCfg = Release|Any CPU
		{6A21694E-6F76-463E-AF50-C258A0C94BF4}.Release|x86.Build.0 = Release|Any CPU
		{DDDCE455-DF26-5A96-3944-23439F0FA243}.Debug|Any CPU.ActiveCfg = Debug|Any CPU
		{DDDCE455-DF26-5A96-3944-23439F0FA243}.Debug|Any CPU.Build.0 = Debug|Any CPU
		{DDDCE455-DF26-5A96-3944-23439F0FA243}.Debug|x64.ActiveCfg = Debug|Any CPU
		{DDDCE455-DF26-5A96-3944-23439F0FA243}.Debug|x64.Build.0 = Debug|Any CPU
		{DDDCE455-DF26-5A96-3944-23439F0FA243}.Debug|x86.ActiveCfg = Debug|Any CPU
		{DDDCE455-DF26-5A96-3944-23439F0FA243}.Debug|x86.Build.0 = Debug|Any CPU
		{DDDCE455-DF26-5A96-3944-23439F0FA243}.Release|Any CPU.ActiveCfg = Release|Any CPU
		{DDDCE455-DF26-5A96-3944-23439F0FA243}.Release|Any CPU.Build.0 = Release|Any CPU
		{DDDCE455-DF26-5A96-3944-23439F0FA243}.Release|x64.ActiveCfg = Release|Any CPU
		{DDDCE455-DF26-5A96-3944-23439F0FA243}.Release|x64.Build.0 = Release|Any CPU
		{DDDCE455-DF26-5A96-3944-23439F0FA243}.Release|x86.ActiveCfg = Release|Any CPU
		{DDDCE455-DF26-5A96-3944-23439F0FA243}.Release|x86.Build.0 = Release|Any CPU
		{7F2AC320-D203-B440-D85B-BB7A1AE3AA94}.Debug|Any CPU.ActiveCfg = Debug|Any CPU
		{7F2AC320-D203-B440-D85B-BB7A1AE3AA94}.Debug|Any CPU.Build.0 = Debug|Any CPU
		{7F2AC320-D203-B440-D85B-BB7A1AE3AA94}.Debug|x64.ActiveCfg = Debug|Any CPU
		{7F2AC320-D203-B440-D85B-BB7A1AE3AA94}.Debug|x64.Build.0 = Debug|Any CPU
		{7F2AC320-D203-B440-D85B-BB7A1AE3AA94}.Debug|x86.ActiveCfg = Debug|Any CPU
		{7F2AC320-D203-B440-D85B-BB7A1AE3AA94}.Debug|x86.Build.0 = Debug|Any CPU
		{7F2AC320-D203-B440-D85B-BB7A1AE3AA94}.Release|Any CPU.ActiveCfg = Release|Any CPU
		{7F2AC320-D203-B440-D85B-BB7A1AE3AA94}.Release|Any CPU.Build.0 = Release|Any CPU
		{7F2AC320-D203-B440-D85B-BB7A1AE3AA94}.Release|x64.ActiveCfg = Release|Any CPU
		{7F2AC320-D203-B440-D85B-BB7A1AE3AA94}.Release|x64.Build.0 = Release|Any CPU
		{7F2AC320-D203-B440-D85B-BB7A1AE3AA94}.Release|x86.ActiveCfg = Release|Any CPU
		{7F2AC320-D203-B440-D85B-BB7A1AE3AA94}.Release|x86.Build.0 = Release|Any CPU
		{1F168FCB-B034-43E3-B27C-C0C2E0D23D89}.Debug|Any CPU.ActiveCfg = Debug|Any CPU
		{1F168FCB-B034-43E3-B27C-C0C2E0D23D89}.Debug|Any CPU.Build.0 = Debug|Any CPU
		{1F168FCB-B034-43E3-B27C-C0C2E0D23D89}.Debug|x64.ActiveCfg = Debug|Any CPU
		{1F168FCB-B034-43E3-B27C-C0C2E0D23D89}.Debug|x64.Build.0 = Debug|Any CPU
		{1F168FCB-B034-43E3-B27C-C0C2E0D23D89}.Debug|x86.ActiveCfg = Debug|Any CPU
		{1F168FCB-B034-43E3-B27C-C0C2E0D23D89}.Debug|x86.Build.0 = Debug|Any CPU
		{1F168FCB-B034-43E3-B27C-C0C2E0D23D89}.Release|Any CPU.ActiveCfg = Release|Any CPU
		{1F168FCB-B034-43E3-B27C-C0C2E0D23D89}.Release|Any CPU.Build.0 = Release|Any CPU
		{1F168FCB-B034-43E3-B27C-C0C2E0D23D89}.Release|x64.ActiveCfg = Release|Any CPU
		{1F168FCB-B034-43E3-B27C-C0C2E0D23D89}.Release|x64.Build.0 = Release|Any CPU
		{1F168FCB-B034-43E3-B27C-C0C2E0D23D89}.Release|x86.ActiveCfg = Release|Any CPU
		{1F168FCB-B034-43E3-B27C-C0C2E0D23D89}.Release|x86.Build.0 = Release|Any CPU
		{D256BF45-8DBE-751B-850F-E4A19BB2D369}.Debug|Any CPU.ActiveCfg = Debug|Any CPU
		{D256BF45-8DBE-751B-850F-E4A19BB2D369}.Debug|Any CPU.Build.0 = Debug|Any CPU
		{D256BF45-8DBE-751B-850F-E4A19BB2D369}.Debug|x64.ActiveCfg = Debug|Any CPU
		{D256BF45-8DBE-751B-850F-E4A19BB2D369}.Debug|x64.Build.0 = Debug|Any CPU
		{D256BF45-8DBE-751B-850F-E4A19BB2D369}.Debug|x86.ActiveCfg = Debug|Any CPU
		{D256BF45-8DBE-751B-850F-E4A19BB2D369}.Debug|x86.Build.0 = Debug|Any CPU
		{D256BF45-8DBE-751B-850F-E4A19BB2D369}.Release|Any CPU.ActiveCfg = Release|Any CPU
		{D256BF45-8DBE-751B-850F-E4A19BB2D369}.Release|Any CPU.Build.0 = Release|Any CPU
		{D256BF45-8DBE-751B-850F-E4A19BB2D369}.Release|x64.ActiveCfg = Release|Any CPU
		{D256BF45-8DBE-751B-850F-E4A19BB2D369}.Release|x64.Build.0 = Release|Any CPU
		{D256BF45-8DBE-751B-850F-E4A19BB2D369}.Release|x86.ActiveCfg = Release|Any CPU
		{D256BF45-8DBE-751B-850F-E4A19BB2D369}.Release|x86.Build.0 = Release|Any CPU
		{6FD6A058-C762-4B2D-B45A-C2847CED502A}.Debug|Any CPU.ActiveCfg = Debug|Any CPU
		{6FD6A058-C762-4B2D-B45A-C2847CED502A}.Debug|Any CPU.Build.0 = Debug|Any CPU
		{6FD6A058-C762-4B2D-B45A-C2847CED502A}.Debug|x64.ActiveCfg = Debug|Any CPU
		{6FD6A058-C762-4B2D-B45A-C2847CED502A}.Debug|x64.Build.0 = Debug|Any CPU
		{6FD6A058-C762-4B2D-B45A-C2847CED502A}.Debug|x86.ActiveCfg = Debug|Any CPU
		{6FD6A058-C762-4B2D-B45A-C2847CED502A}.Debug|x86.Build.0 = Debug|Any CPU
		{6FD6A058-C762-4B2D-B45A-C2847CED502A}.Release|Any CPU.ActiveCfg = Release|Any CPU
		{6FD6A058-C762-4B2D-B45A-C2847CED502A}.Release|Any CPU.Build.0 = Release|Any CPU
		{6FD6A058-C762-4B2D-B45A-C2847CED502A}.Release|x64.ActiveCfg = Release|Any CPU
		{6FD6A058-C762-4B2D-B45A-C2847CED502A}.Release|x64.Build.0 = Release|Any CPU
		{6FD6A058-C762-4B2D-B45A-C2847CED502A}.Release|x86.ActiveCfg = Release|Any CPU
		{6FD6A058-C762-4B2D-B45A-C2847CED502A}.Release|x86.Build.0 = Release|Any CPU
		{193AC991-72CD-4A6A-B4AA-2CB9C78F8216}.Debug|Any CPU.ActiveCfg = Debug|Any CPU
		{193AC991-72CD-4A6A-B4AA-2CB9C78F8216}.Debug|Any CPU.Build.0 = Debug|Any CPU
		{193AC991-72CD-4A6A-B4AA-2CB9C78F8216}.Debug|x64.ActiveCfg = Debug|Any CPU
		{193AC991-72CD-4A6A-B4AA-2CB9C78F8216}.Debug|x64.Build.0 = Debug|Any CPU
		{193AC991-72CD-4A6A-B4AA-2CB9C78F8216}.Debug|x86.ActiveCfg = Debug|Any CPU
		{193AC991-72CD-4A6A-B4AA-2CB9C78F8216}.Debug|x86.Build.0 = Debug|Any CPU
		{193AC991-72CD-4A6A-B4AA-2CB9C78F8216}.Release|Any CPU.ActiveCfg = Release|Any CPU
		{193AC991-72CD-4A6A-B4AA-2CB9C78F8216}.Release|Any CPU.Build.0 = Release|Any CPU
		{193AC991-72CD-4A6A-B4AA-2CB9C78F8216}.Release|x64.ActiveCfg = Release|Any CPU
		{193AC991-72CD-4A6A-B4AA-2CB9C78F8216}.Release|x64.Build.0 = Release|Any CPU
		{193AC991-72CD-4A6A-B4AA-2CB9C78F8216}.Release|x86.ActiveCfg = Release|Any CPU
		{193AC991-72CD-4A6A-B4AA-2CB9C78F8216}.Release|x86.Build.0 = Release|Any CPU
		{ED88EA9D-38F3-5A28-2FDD-64995874FF4E}.Debug|Any CPU.ActiveCfg = Debug|Any CPU
		{ED88EA9D-38F3-5A28-2FDD-64995874FF4E}.Debug|Any CPU.Build.0 = Debug|Any CPU
		{ED88EA9D-38F3-5A28-2FDD-64995874FF4E}.Debug|x64.ActiveCfg = Debug|Any CPU
		{ED88EA9D-38F3-5A28-2FDD-64995874FF4E}.Debug|x64.Build.0 = Debug|Any CPU
		{ED88EA9D-38F3-5A28-2FDD-64995874FF4E}.Debug|x86.ActiveCfg = Debug|Any CPU
		{ED88EA9D-38F3-5A28-2FDD-64995874FF4E}.Debug|x86.Build.0 = Debug|Any CPU
		{ED88EA9D-38F3-5A28-2FDD-64995874FF4E}.Release|Any CPU.ActiveCfg = Release|Any CPU
		{ED88EA9D-38F3-5A28-2FDD-64995874FF4E}.Release|Any CPU.Build.0 = Release|Any CPU
		{ED88EA9D-38F3-5A28-2FDD-64995874FF4E}.Release|x64.ActiveCfg = Release|Any CPU
		{ED88EA9D-38F3-5A28-2FDD-64995874FF4E}.Release|x64.Build.0 = Release|Any CPU
		{ED88EA9D-38F3-5A28-2FDD-64995874FF4E}.Release|x86.ActiveCfg = Release|Any CPU
		{ED88EA9D-38F3-5A28-2FDD-64995874FF4E}.Release|x86.Build.0 = Release|Any CPU
		{B28478C2-0A01-424D-9EE4-D298A31AEB26}.Debug|Any CPU.ActiveCfg = Debug|Any CPU
		{B28478C2-0A01-424D-9EE4-D298A31AEB26}.Debug|Any CPU.Build.0 = Debug|Any CPU
		{B28478C2-0A01-424D-9EE4-D298A31AEB26}.Debug|x64.ActiveCfg = Debug|Any CPU
		{B28478C2-0A01-424D-9EE4-D298A31AEB26}.Debug|x64.Build.0 = Debug|Any CPU
		{B28478C2-0A01-424D-9EE4-D298A31AEB26}.Debug|x86.ActiveCfg = Debug|Any CPU
		{B28478C2-0A01-424D-9EE4-D298A31AEB26}.Debug|x86.Build.0 = Debug|Any CPU
		{B28478C2-0A01-424D-9EE4-D298A31AEB26}.Release|Any CPU.ActiveCfg = Release|Any CPU
		{B28478C2-0A01-424D-9EE4-D298A31AEB26}.Release|Any CPU.Build.0 = Release|Any CPU
		{B28478C2-0A01-424D-9EE4-D298A31AEB26}.Release|x64.ActiveCfg = Release|Any CPU
		{B28478C2-0A01-424D-9EE4-D298A31AEB26}.Release|x64.Build.0 = Release|Any CPU
		{B28478C2-0A01-424D-9EE4-D298A31AEB26}.Release|x86.ActiveCfg = Release|Any CPU
		{B28478C2-0A01-424D-9EE4-D298A31AEB26}.Release|x86.Build.0 = Release|Any CPU
		{D406AE11-285C-4AC8-862B-C755386D15F6}.Debug|Any CPU.ActiveCfg = Debug|Any CPU
		{D406AE11-285C-4AC8-862B-C755386D15F6}.Debug|Any CPU.Build.0 = Debug|Any CPU
		{D406AE11-285C-4AC8-862B-C755386D15F6}.Debug|x64.ActiveCfg = Debug|Any CPU
		{D406AE11-285C-4AC8-862B-C755386D15F6}.Debug|x64.Build.0 = Debug|Any CPU
		{D406AE11-285C-4AC8-862B-C755386D15F6}.Debug|x86.ActiveCfg = Debug|Any CPU
		{D406AE11-285C-4AC8-862B-C755386D15F6}.Debug|x86.Build.0 = Debug|Any CPU
		{D406AE11-285C-4AC8-862B-C755386D15F6}.Release|Any CPU.ActiveCfg = Release|Any CPU
		{D406AE11-285C-4AC8-862B-C755386D15F6}.Release|Any CPU.Build.0 = Release|Any CPU
		{D406AE11-285C-4AC8-862B-C755386D15F6}.Release|x64.ActiveCfg = Release|Any CPU
		{D406AE11-285C-4AC8-862B-C755386D15F6}.Release|x64.Build.0 = Release|Any CPU
		{D406AE11-285C-4AC8-862B-C755386D15F6}.Release|x86.ActiveCfg = Release|Any CPU
		{D406AE11-285C-4AC8-862B-C755386D15F6}.Release|x86.Build.0 = Release|Any CPU
		{C4DDD35D-CCDC-4EBB-94F6-F2E4E4406AA8}.Debug|Any CPU.ActiveCfg = Debug|Any CPU
		{C4DDD35D-CCDC-4EBB-94F6-F2E4E4406AA8}.Debug|Any CPU.Build.0 = Debug|Any CPU
		{C4DDD35D-CCDC-4EBB-94F6-F2E4E4406AA8}.Debug|x64.ActiveCfg = Debug|Any CPU
		{C4DDD35D-CCDC-4EBB-94F6-F2E4E4406AA8}.Debug|x64.Build.0 = Debug|Any CPU
		{C4DDD35D-CCDC-4EBB-94F6-F2E4E4406AA8}.Debug|x86.ActiveCfg = Debug|Any CPU
		{C4DDD35D-CCDC-4EBB-94F6-F2E4E4406AA8}.Debug|x86.Build.0 = Debug|Any CPU
		{C4DDD35D-CCDC-4EBB-94F6-F2E4E4406AA8}.Release|Any CPU.ActiveCfg = Release|Any CPU
		{C4DDD35D-CCDC-4EBB-94F6-F2E4E4406AA8}.Release|Any CPU.Build.0 = Release|Any CPU
		{C4DDD35D-CCDC-4EBB-94F6-F2E4E4406AA8}.Release|x64.ActiveCfg = Release|Any CPU
		{C4DDD35D-CCDC-4EBB-94F6-F2E4E4406AA8}.Release|x64.Build.0 = Release|Any CPU
		{C4DDD35D-CCDC-4EBB-94F6-F2E4E4406AA8}.Release|x86.ActiveCfg = Release|Any CPU
		{C4DDD35D-CCDC-4EBB-94F6-F2E4E4406AA8}.Release|x86.Build.0 = Release|Any CPU
		{783599E3-9841-4377-9590-4A5D9EC0023D}.Debug|Any CPU.ActiveCfg = Debug|Any CPU
		{783599E3-9841-4377-9590-4A5D9EC0023D}.Debug|Any CPU.Build.0 = Debug|Any CPU
		{783599E3-9841-4377-9590-4A5D9EC0023D}.Debug|x64.ActiveCfg = Debug|Any CPU
		{783599E3-9841-4377-9590-4A5D9EC0023D}.Debug|x64.Build.0 = Debug|Any CPU
		{783599E3-9841-4377-9590-4A5D9EC0023D}.Debug|x86.ActiveCfg = Debug|Any CPU
		{783599E3-9841-4377-9590-4A5D9EC0023D}.Debug|x86.Build.0 = Debug|Any CPU
		{783599E3-9841-4377-9590-4A5D9EC0023D}.Release|Any CPU.ActiveCfg = Release|Any CPU
		{783599E3-9841-4377-9590-4A5D9EC0023D}.Release|Any CPU.Build.0 = Release|Any CPU
		{783599E3-9841-4377-9590-4A5D9EC0023D}.Release|x64.ActiveCfg = Release|Any CPU
		{783599E3-9841-4377-9590-4A5D9EC0023D}.Release|x64.Build.0 = Release|Any CPU
		{783599E3-9841-4377-9590-4A5D9EC0023D}.Release|x86.ActiveCfg = Release|Any CPU
		{783599E3-9841-4377-9590-4A5D9EC0023D}.Release|x86.Build.0 = Release|Any CPU
		{BCD1AE81-8D5D-461F-AB63-7C0E5882F89B}.Debug|Any CPU.ActiveCfg = Debug|Any CPU
		{BCD1AE81-8D5D-461F-AB63-7C0E5882F89B}.Debug|Any CPU.Build.0 = Debug|Any CPU
		{BCD1AE81-8D5D-461F-AB63-7C0E5882F89B}.Debug|x64.ActiveCfg = Debug|Any CPU
		{BCD1AE81-8D5D-461F-AB63-7C0E5882F89B}.Debug|x64.Build.0 = Debug|Any CPU
		{BCD1AE81-8D5D-461F-AB63-7C0E5882F89B}.Debug|x86.ActiveCfg = Debug|Any CPU
		{BCD1AE81-8D5D-461F-AB63-7C0E5882F89B}.Debug|x86.Build.0 = Debug|Any CPU
		{BCD1AE81-8D5D-461F-AB63-7C0E5882F89B}.Release|Any CPU.ActiveCfg = Release|Any CPU
		{BCD1AE81-8D5D-461F-AB63-7C0E5882F89B}.Release|Any CPU.Build.0 = Release|Any CPU
		{BCD1AE81-8D5D-461F-AB63-7C0E5882F89B}.Release|x64.ActiveCfg = Release|Any CPU
		{BCD1AE81-8D5D-461F-AB63-7C0E5882F89B}.Release|x64.Build.0 = Release|Any CPU
		{BCD1AE81-8D5D-461F-AB63-7C0E5882F89B}.Release|x86.ActiveCfg = Release|Any CPU
		{BCD1AE81-8D5D-461F-AB63-7C0E5882F89B}.Release|x86.Build.0 = Release|Any CPU
		{FCEEF7AD-1E78-4615-8BE4-7B46B034A514}.Debug|Any CPU.ActiveCfg = Debug|Any CPU
		{FCEEF7AD-1E78-4615-8BE4-7B46B034A514}.Debug|Any CPU.Build.0 = Debug|Any CPU
		{FCEEF7AD-1E78-4615-8BE4-7B46B034A514}.Debug|x64.ActiveCfg = Debug|Any CPU
		{FCEEF7AD-1E78-4615-8BE4-7B46B034A514}.Debug|x64.Build.0 = Debug|Any CPU
		{FCEEF7AD-1E78-4615-8BE4-7B46B034A514}.Debug|x86.ActiveCfg = Debug|Any CPU
		{FCEEF7AD-1E78-4615-8BE4-7B46B034A514}.Debug|x86.Build.0 = Debug|Any CPU
		{FCEEF7AD-1E78-4615-8BE4-7B46B034A514}.Release|Any CPU.ActiveCfg = Release|Any CPU
		{FCEEF7AD-1E78-4615-8BE4-7B46B034A514}.Release|Any CPU.Build.0 = Release|Any CPU
		{FCEEF7AD-1E78-4615-8BE4-7B46B034A514}.Release|x64.ActiveCfg = Release|Any CPU
		{FCEEF7AD-1E78-4615-8BE4-7B46B034A514}.Release|x64.Build.0 = Release|Any CPU
		{FCEEF7AD-1E78-4615-8BE4-7B46B034A514}.Release|x86.ActiveCfg = Release|Any CPU
		{FCEEF7AD-1E78-4615-8BE4-7B46B034A514}.Release|x86.Build.0 = Release|Any CPU
	EndGlobalSection
	GlobalSection(SolutionProperties) = preSolution
		HideSolutionNode = FALSE
	EndGlobalSection
	GlobalSection(NestedProjects) = preSolution
		{78028C98-0220-4814-9A85-89901B8A1048} = {809F86A1-1C4C-B159-0CD4-DF9D33D876CE}
		{070EFFBA-F6B9-4A54-837A-2FA113C3B1A5} = {809F86A1-1C4C-B159-0CD4-DF9D33D876CE}
		{3F857491-5BC5-43DF-9532-1801189BDA80} = {809F86A1-1C4C-B159-0CD4-DF9D33D876CE}
		{87DE10ED-682F-4DD4-A95E-17D5BACAFB07} = {0AB3BF05-4346-4AA6-1389-037BE0695223}
		{9BADB398-949B-4D25-BF97-4A629F0D8EC9} = {0AB3BF05-4346-4AA6-1389-037BE0695223}
		{B7230B40-AE25-435A-87F6-0472826B0C70} = {5D20AA90-6969-D8BD-9DCD-8634F4692FDA}
		{638D92D5-351E-443C-B9B0-4FC2E8F86702} = {809F86A1-1C4C-B159-0CD4-DF9D33D876CE}
		{C4D77769-EEC3-429D-B9B3-0C3B6B32FAA5} = {809F86A1-1C4C-B159-0CD4-DF9D33D876CE}
		{596A87F7-4BD9-42A7-9C20-2FD1CF9676CA} = {5D20AA90-6969-D8BD-9DCD-8634F4692FDA}
		{384D1962-D3F9-4E26-8FCB-4D25B09CB7FC} = {809F86A1-1C4C-B159-0CD4-DF9D33D876CE}
		{30610777-9335-4A4C-8514-09398E57C6BD} = {809F86A1-1C4C-B159-0CD4-DF9D33D876CE}
		{7D3D8D5D-5F8C-45FD-AA6C-DC4FC810DE42} = {5D20AA90-6969-D8BD-9DCD-8634F4692FDA}
		{15D7A915-DD11-40BF-811B-C97B2C963785} = {809F86A1-1C4C-B159-0CD4-DF9D33D876CE}
		{8E6AA215-43B1-4519-A554-A6642586E7A6} = {5D20AA90-6969-D8BD-9DCD-8634F4692FDA}
		{F2D7E877-38D6-8C91-7D90-99648DD298BA} = {809F86A1-1C4C-B159-0CD4-DF9D33D876CE}
		{42F19D46-1D9C-DE55-864B-477603E3CF94} = {F2D7E877-38D6-8C91-7D90-99648DD298BA}
		{0E24173B-D328-4721-B0C7-D6058E10AB9E} = {42F19D46-1D9C-DE55-864B-477603E3CF94}
		{E2648928-28DE-6B24-129A-26A0E8B5B70E} = {809F86A1-1C4C-B159-0CD4-DF9D33D876CE}
		{26E1EE2F-D04D-40C2-80A3-BB0D1D444A6D} = {E2648928-28DE-6B24-129A-26A0E8B5B70E}
		{D0BF4C70-B346-47C5-96C2-AED0039F0976} = {E2648928-28DE-6B24-129A-26A0E8B5B70E}
		{E1AD5351-181A-4EEC-B1F6-BF1643E5A1FA} = {E2648928-28DE-6B24-129A-26A0E8B5B70E}
		{9251FA96-F118-4578-92A9-EBD667CE3978} = {0AB3BF05-4346-4AA6-1389-037BE0695223}
		{6542E318-AF5B-4D63-B5BA-242AA48085B9} = {809F86A1-1C4C-B159-0CD4-DF9D33D876CE}
		{E7277625-CD7C-42C0-84C1-EE39D8CCF909} = {F2D7E877-38D6-8C91-7D90-99648DD298BA}
		{6A21694E-6F76-463E-AF50-C258A0C94BF4} = {5D20AA90-6969-D8BD-9DCD-8634F4692FDA}
		{DDDCE455-DF26-5A96-3944-23439F0FA243} = {E2648928-28DE-6B24-129A-26A0E8B5B70E}
		{7F2AC320-D203-B440-D85B-BB7A1AE3AA94} = {0AB3BF05-4346-4AA6-1389-037BE0695223}
		{1F168FCB-B034-43E3-B27C-C0C2E0D23D89} = {5D20AA90-6969-D8BD-9DCD-8634F4692FDA}
		{D256BF45-8DBE-751B-850F-E4A19BB2D369} = {0AB3BF05-4346-4AA6-1389-037BE0695223}
		{6FD6A058-C762-4B2D-B45A-C2847CED502A} = {5D20AA90-6969-D8BD-9DCD-8634F4692FDA}
		{193AC991-72CD-4A6A-B4AA-2CB9C78F8216} = {0AB3BF05-4346-4AA6-1389-037BE0695223}
		{ED88EA9D-38F3-5A28-2FDD-64995874FF4E} = {42F19D46-1D9C-DE55-864B-477603E3CF94}
		{B28478C2-0A01-424D-9EE4-D298A31AEB26} = {5D20AA90-6969-D8BD-9DCD-8634F4692FDA}
		{D406AE11-285C-4AC8-862B-C755386D15F6} = {5D20AA90-6969-D8BD-9DCD-8634F4692FDA}
		{C4DDD35D-CCDC-4EBB-94F6-F2E4E4406AA8} = {5D20AA90-6969-D8BD-9DCD-8634F4692FDA}
		{783599E3-9841-4377-9590-4A5D9EC0023D} = {0AB3BF05-4346-4AA6-1389-037BE0695223}
		{BCD1AE81-8D5D-461F-AB63-7C0E5882F89B} = {5D20AA90-6969-D8BD-9DCD-8634F4692FDA}
		{FCEEF7AD-1E78-4615-8BE4-7B46B034A514} = {5D20AA90-6969-D8BD-9DCD-8634F4692FDA}
	EndGlobalSection
	GlobalSection(ExtensibilityGlobals) = postSolution
		SolutionGuid = {378263F2-C2B2-4DB1-83CF-CA228AF03ABF}
	EndGlobalSection
EndGlobal
