<Solution>
  <Folder Name="/libs/">
    <Project Path="../src/Microsoft.Teams.Bot.Apps/Microsoft.Teams.Bot.Apps.csproj" />
    <Project Path="../src/Microsoft.Teams.Bot.Compat/Microsoft.Teams.Bot.Compat.csproj" />
    <Project Path="../src/Microsoft.Teams.Bot.Core/Microsoft.Teams.Bot.Core.csproj" />
  </Folder>
  <Folder Name="/Solution Items/">
    <File Path="../.runsettings" />
  </Folder>
  <Project Path="ABSTokenServiceClient/ABSTokenServiceClient.csproj" />
  <Project Path="IntegrationTests/IntegrationTests.csproj" />
</Solution>
