<Solution>
  <!-- <Folder Name="/bf/">
    <Project Path="../../botbuilder-dotnet/libraries/integration/Microsoft.Bot.Builder.Integration.AspNet.Core/Microsoft.Bot.Builder.Integration.AspNet.Core.csproj" />
    <Project Path="../../botbuilder-dotnet/libraries/Microsoft.Bot.Builder.Dialogs/Microsoft.Bot.Builder.Dialogs.csproj" />
    <Project Path="../../botbuilder-dotnet/libraries/Microsoft.Bot.Builder/Microsoft.Bot.Builder.csproj" />
    <Project Path="../../botbuilder-dotnet/libraries/Microsoft.Bot.Configuration/Microsoft.Bot.Configuration.csproj" />
    <Project Path="../../botbuilder-dotnet/libraries/Microsoft.Bot.Connector.Streaming/Microsoft.Bot.Connector.Streaming.csproj" />
    <Project Path="../../botbuilder-dotnet/libraries/Microsoft.Bot.Connector/Microsoft.Bot.Connector.csproj" />
    <Project Path="../../botbuilder-dotnet/libraries/Microsoft.Bot.Schema/Microsoft.Bot.Schema.csproj" />
    <Project Path="../../botbuilder-dotnet/libraries/Microsoft.Bot.Streaming/Microsoft.Bot.Streaming.csproj" />
  </Folder> -->
  <Folder Name="/Samples/">
    <Project Path="samples/AFBot/AFBot.csproj" Id="ca5b4abd-3f26-457b-8197-ff9415506beb" />
    <Project Path="samples/AllInvokesBot/AllInvokesBot.csproj" />
    <Project Path="samples/CompatBot/CompatBot.csproj" Id="39461362-c3d0-41ae-9ed7-f7e1232a8ead" />
    <Project Path="samples/CompatProactive/CompatProactive.csproj" Id="60e946ea-ea2f-4994-8b5b-e6aa98723aa4" />
    <Project Path="samples/CoreBot/CoreBot.csproj" Id="142a67bc-68e7-4020-83cf-51423e317b53" />
    <Project Path="samples/CustomHosting/CustomHosting.csproj" Id="de2e42de-3d8f-4a9d-920f-14c7e39fc3c0" />
    <Project Path="samples/MeetingsBot/MeetingsBot.csproj" />
    <Project Path="samples/MessageExtensionBot/MessageExtensionBot.csproj" />
    <Project Path="samples/OAuthFlowBot/OAuthFlowBot.csproj" />
    <Project Path="samples/PABot/PABot.csproj" Id="ef8f29ef-fe59-4edf-8a50-6e7ab6699a45" />
    <Project Path="samples/SsoBot/SsoBot.csproj"/>
    <Project Path="samples/StreamingBot/StreamingBot.csproj" />
    <Project Path="samples/TabApp/TabApp.csproj" />
    <Project Path="samples/TeamsBot/TeamsBot.csproj" Id="94a35050-6826-446f-9b29-863f2bbc75b7" />
    <Project Path="samples/TeamsChannelBot/TeamsChannelBot.csproj" />
  </Folder>
  <Folder Name="/Solution Items/">
    <File Path="../.azdo/cd-core.yaml" />
    <File Path="../.github/workflows/core-ci.yaml" />
    <File Path="../.github/workflows/core-test.yaml" />
    <File Path=".editorconfig" />
    <File Path=".gitignore" />
    <File Path="README.md" />
    <File Path="src/Directory.Build.props" />
    <File Path="src/Directory.Build.targets" />
    <File Path="version.json" />
  </Folder>
  <Folder Name="/Tests/">
    <Project Path="samples/Proactive/Proactive.csproj" Id="69f021eb-451b-4dd3-b848-137d764ba586" />
    <Project Path="test/ABSTokenServiceClient/ABSTokenServiceClient.csproj" />
    <Project Path="test/Microsoft.Teams.Bot.Apps.UnitTests/Microsoft.Teams.Bot.Apps.UnitTests.csproj" Id="16f5e8eb-ccb0-40e6-9630-a9d936d6ccde" />
    <Project Path="test/Microsoft.Teams.Bot.Compat.UnitTests/Microsoft.Teams.Bot.Compat.UnitTests.csproj" Id="17f5e8eb-ccb0-40e6-9630-a9d936d6ccde" />
    <Project Path="test/Microsoft.Teams.Bot.Core.UnitTests/Microsoft.Teams.Bot.Core.UnitTests.csproj" Id="8e6790ed-0352-45f6-b3dc-0c4c3bcab038" />
    <Project Path="test/msal-config-api/msal-config-api.csproj" Id="54f814fa-348e-4fd3-8bc9-70cd2aedc9ae" />
  </Folder>
  <Project Path="src/Microsoft.Teams.Bot.Apps/Microsoft.Teams.Bot.Apps.csproj" Id="0e993a63-8a1a-4cdf-8a29-cc8c59bd6c30" />
  <Project Path="src/Microsoft.Teams.Bot.Compat/Microsoft.Teams.Bot.Compat.csproj" />
  <Project Path="src/Microsoft.Teams.Bot.Core/Microsoft.Teams.Bot.Core.csproj" />
</Solution>
